
Microsoft Visual Studio Solution File, Format Version 12.00
# Visual Studio Version 17
VisualStudioVersion = 17.14.36414.22 d17.14
MinimumVisualStudioVersion = 10.0.40219.1
Project("{FAE04EC0-301F-11D3-BF4B-00C04F79EFBC}") = "DependecyInjectionExample", "DependecyInjectionExample\DependecyInjectionExample.csproj", "{520D53E0-EF4C-4D9B-A831-CFD7DBA81C8A}"
EndProject
Global
	GlobalSection(SolutionConfigurationPlatforms) = preSolution
		Debug|Any CPU = Debug|Any CPU
		Release|Any CPU = Release|Any CPU
	EndGlobalSection
	GlobalSection(ProjectConfigurationPlatforms) = postSolution
		{520D53E0-EF4C-4D9B-A831-CFD7DBA81C8A}.Debug|Any CPU.ActiveCfg = Debug|Any CPU
		{520D53E0-EF4C-4D9B-A831-CFD7DBA81C8A}.Debug|Any CPU.Build.0 = Debug|Any CPU
		{520D53E0-EF4C-4D9B-A831-CFD7DBA81C8A}.Release|Any CPU.ActiveCfg = Release|Any CPU
		{520D53E0-EF4C-4D9B-A831-CFD7DBA81C8A}.Release|Any CPU.Build.0 = Release|Any CPU
	EndGlobalSection
	GlobalSection(SolutionProperties) = preSolution
		HideSolutionNode = FALSE
	EndGlobalSection
	GlobalSection(ExtensibilityGlobals) = postSolution
		SolutionGuid = {F5FBF065-A240-4315-8805-45BD9DB977BD}
	EndGlobalSection
EndGlobal
